
Microsoft Visual Studio Solution File, Format Version 12.00
Project("{FAE04EC0-301F-11D3-BF4B-00C04F79EFBC}") = "SelectSight", "SelectSight.csproj", "{1507F0C4-93A8-44DB-BFDA-97CB271682B1}"
EndProject
Global
	GlobalSection(SolutionConfigurationPlatforms) = preSolution
		Debug|Any CPU = Debug|Any CPU
		Release|Any CPU = Release|Any CPU
	EndGlobalSection
	GlobalSection(ProjectConfigurationPlatforms) = postSolution
		{1507F0C4-93A8-44DB-BFDA-97CB271682B1}.Debug|Any CPU.ActiveCfg = Debug|Any CPU
		{1507F0C4-93A8-44DB-BFDA-97CB271682B1}.Debug|Any CPU.Build.0 = Debug|Any CPU
		{1507F0C4-93A8-44DB-BFDA-97CB271682B1}.Release|Any CPU.ActiveCfg = Release|Any CPU
		{1507F0C4-93A8-44DB-BFDA-97CB271682B1}.Release|Any CPU.Build.0 = Release|Any CPU
	EndGlobalSection
EndGlobal
